
Microsoft Visual Studio Solution File, Format Version 12.00
# Visual Studio Version 17
VisualStudioVersion = 17.4.33213.308
MinimumVisualStudioVersion = 10.0.40219.1
Project("{FAE04EC0-301F-11D3-BF4B-00C04F79EFBC}") = "TextTools", "TextTools\TextTools.csproj", "{117FEB43-5DD5-46F4-AF7F-4EB63FDA6454}"
EndProject
Global
	GlobalSection(SolutionConfigurationPlatforms) = preSolution
		Debug|Any CPU = Debug|Any CPU
		Release|Any CPU = Release|Any CPU
	EndGlobalSection
	GlobalSection(ProjectConfigurationPlatforms) = postSolution
		{117FEB43-5DD5-46F4-AF7F-4EB63FDA6454}.Debug|Any CPU.ActiveCfg = Debug|Any CPU
		{117FEB43-5DD5-46F4-AF7F-4EB63FDA6454}.Debug|Any CPU.Build.0 = Debug|Any CPU
		{117FEB43-5DD5-46F4-AF7F-4EB63FDA6454}.Release|Any CPU.ActiveCfg = Release|Any CPU
		{117FEB43-5DD5-46F4-AF7F-4EB63FDA6454}.Release|Any CPU.Build.0 = Release|Any CPU
	EndGlobalSection
	GlobalSection(SolutionProperties) = preSolution
		HideSolutionNode = FALSE
	EndGlobalSection
	GlobalSection(ExtensibilityGlobals) = postSolution
		SolutionGuid = {34073DF8-F129-44DC-A25C-D65CD5988FC6}
	EndGlobalSection
EndGlobal
